
Microsoft Visual Studio Solution File, Format Version 12.00
# Visual Studio Version 17
VisualStudioVersion = 17.7.34009.444
MinimumVisualStudioVersion = 10.0.40219.1
Project("{FAE04EC0-301F-11D3-BF4B-00C04F79EFBC}") = "ACTReviewCodeAnalyzer", "ACTReviewCodeAnalyzer.csproj", "{A172D64C-3E80-488B-921B-0743A948DF90}"
EndProject
Project("{FAE04EC0-301F-11D3-BF4B-00C04F79EFBC}") = "MyCustomAnalyzer.Tests", "..\MyCustomAnalyzer.Tests\MyCustomAnalyzer.Tests.csproj", "{1F3BCCA8-A239-4ED8-B74E-BCA462A88627}"
EndProject
Global
	GlobalSection(SolutionConfigurationPlatforms) = preSolution
		Debug|Any CPU = Debug|Any CPU
		Release|Any CPU = Release|Any CPU
	EndGlobalSection
	GlobalSection(ProjectConfigurationPlatforms) = postSolution
		{A172D64C-3E80-488B-921B-0743A948DF90}.Debug|Any CPU.ActiveCfg = Debug|Any CPU
		{A172D64C-3E80-488B-921B-0743A948DF90}.Debug|Any CPU.Build.0 = Debug|Any CPU
		{A172D64C-3E80-488B-921B-0743A948DF90}.Release|Any CPU.ActiveCfg = Release|Any CPU
		{A172D64C-3E80-488B-921B-0743A948DF90}.Release|Any CPU.Build.0 = Release|Any CPU
		{1F3BCCA8-A239-4ED8-B74E-BCA462A88627}.Debug|Any CPU.ActiveCfg = Debug|Any CPU
		{1F3BCCA8-A239-4ED8-B74E-BCA462A88627}.Debug|Any CPU.Build.0 = Debug|Any CPU
		{1F3BCCA8-A239-4ED8-B74E-BCA462A88627}.Release|Any CPU.ActiveCfg = Release|Any CPU
		{1F3BCCA8-A239-4ED8-B74E-BCA462A88627}.Release|Any CPU.Build.0 = Release|Any CPU
	EndGlobalSection
	GlobalSection(SolutionProperties) = preSolution
		HideSolutionNode = FALSE
	EndGlobalSection
	GlobalSection(ExtensibilityGlobals) = postSolution
		SolutionGuid = {AD52D542-41E8-4B5C-80B7-A5896FF21AFF}
	EndGlobalSection
EndGlobal
